// !$*UTF8*$!
{
	archiveVersion = 1;
	classes = {
	};
	objectVersion = 48;
	objects = {

/* Begin PBXBuildFile section */
		BA7B10D32019C31400202675 /* AppDelegate.swift in Sources */ = {isa = PBXBuildFile; fileRef = BA7B10D22019C31400202675 /* AppDelegate.swift */; };
		BA7B10D52019C31400202675 /* ViewController.swift in Sources */ = {isa = PBXBuildFile; fileRef = BA7B10D42019C31400202675 /* ViewController.swift */; };
		BA7B10D82019C31400202675 /* Main.storyboard in Resources */ = {isa = PBXBuildFile; fileRef = BA7B10D62019C31400202675 /* Main.storyboard */; };
		BA7B10DA2019C31400202675 /* Assets.xcassets in Resources */ = {isa = PBXBuildFile; fileRef = BA7B10D92019C31400202675 /* Assets.xcassets */; };
		BA7B10DD2019C31400202675 /* LaunchScreen.storyboard in Resources */ = {isa = PBXBuildFile; fileRef = BA7B10DB2019C31400202675 /* LaunchScreen.storyboard */; };
		BA7B10E82019C31400202675 /* NetworkToolTests.swift in Sources */ = {isa = PBXBuildFile; fileRef = BA7B10E72019C31400202675 /* NetworkToolTests.swift */; };
		BA7B10F32019C31400202675 /* NetworkToolUITests.swift in Sources */ = {isa = PBXBuildFile; fileRef = BA7B10F22019C31400202675 /* NetworkToolUITests.swift */; };
		BA7B11022019C38B00202675 /* NetworkTool.swift in Sources */ = {isa = PBXBuildFile; fileRef = BA7B11012019C38B00202675 /* NetworkTool.swift */; };
/* End PBXBuildFile section */

/* Begin PBXContainerItemProxy section */
		BA7B10E42019C31400202675 /* PBXContainerItemProxy */ = {
			isa = PBXContainerItemProxy;
			containerPortal = BA7B10C72019C31400202675 /* Project object */;
			proxyType = 1;
			remoteGlobalIDString = BA7B10CE2019C31400202675;
			remoteInfo = NetworkTool;
		};
		BA7B10EF2019C31400202675 /* PBXContainerItemProxy */ = {
			isa = PBXContainerItemProxy;
			containerPortal = BA7B10C72019C31400202675 /* Project object */;
			proxyType = 1;
			remoteGlobalIDString = BA7B10CE2019C31400202675;
			remoteInfo = NetworkTool;
		};
/* End PBXContainerItemProxy section */

/* Begin PBXFileReference section */
		BA7B10CF2019C31400202675 /* NetworkTool.app */ = {isa = PBXFileReference; explicitFileType = wrapper.application; includeInIndex = 0; path = NetworkTool.app; sourceTree = BUILT_PRODUCTS_DIR; };
		BA7B10D22019C31400202675 /* AppDelegate.swift */ = {isa = PBXFileReference; lastKnownFileType = sourcecode.swift; path = AppDelegate.swift; sourceTree = "<group>"; };
		BA7B10D42019C31400202675 /* ViewController.swift */ = {isa = PBXFileReference; lastKnownFileType = sourcecode.swift; path = ViewController.swift; sourceTree = "<group>"; };
		BA7B10D72019C31400202675 /* Base */ = {isa = PBXFileReference; lastKnownFileType = file.storyboard; name = Base; path = Base.lproj/Main.storyboard; sourceTree = "<group>"; };
		BA7B10D92019C31400202675 /* Assets.xcassets */ = {isa = PBXFileReference; lastKnownFileType = folder.assetcatalog; path = Assets.xcassets; sourceTree = "<group>"; };
		BA7B10DC2019C31400202675 /* Base */ = {isa = PBXFileReference; lastKnownFileType = file.storyboard; name = Base; path = Base.lproj/LaunchScreen.storyboard; sourceTree = "<group>"; };
		BA7B10DE2019C31400202675 /* Info.plist */ = {isa = PBXFileReference; lastKnownFileType = text.plist.xml; path = Info.plist; sourceTree = "<group>"; };
		BA7B10E32019C31400202675 /* NetworkToolTests.xctest */ = {isa = PBXFileReference; explicitFileType = wrapper.cfbundle; includeInIndex = 0; path = NetworkToolTests.xctest; sourceTree = BUILT_PRODUCTS_DIR; };
		BA7B10E72019C31400202675 /* NetworkToolTests.swift */ = {isa = PBXFileReference; lastKnownFileType = sourcecode.swift; path = NetworkToolTests.swift; sourceTree = "<group>"; };
		BA7B10E92019C31400202675 /* Info.plist */ = {isa = PBXFileReference; lastKnownFileType = text.plist.xml; path = Info.plist; sourceTree = "<group>"; };
		BA7B10EE2019C31400202675 /* NetworkToolUITests.xctest */ = {isa = PBXFileReference; explicitFileType = wrapper.cfbundle; includeInIndex = 0; path = NetworkToolUITests.xctest; sourceTree = BUILT_PRODUCTS_DIR; };
		BA7B10F22019C31400202675 /* NetworkToolUITests.swift */ = {isa = PBXFileReference; lastKnownFileType = sourcecode.swift; path = NetworkToolUITests.swift; sourceTree = "<group>"; };
		BA7B10F42019C31400202675 /* Info.plist */ = {isa = PBXFileReference; lastKnownFileType = text.plist.xml; path = Info.plist; sourceTree = "<group>"; };
		BA7B11012019C38B00202675 /* NetworkTool.swift */ = {isa = PBXFileReference; fileEncoding = 4; lastKnownFileType = sourcecode.swift; name = NetworkTool.swift; path = ../../NetworkTool.swift; sourceTree = "<group>"; };
/* End PBXFileReference section */

/* Begin PBXFrameworksBuildPhase section */
		BA7B10CC2019C31400202675 /* Frameworks */ = {
			isa = PBXFrameworksBuildPhase;
			buildActionMask = 2147483647;
			files = (
			);
			runOnlyForDeploymentPostprocessing = 0;
		};
		BA7B10E02019C31400202675 /* Frameworks */ = {
			isa = PBXFrameworksBuildPhase;
			buildActionMask = 2147483647;
			files = (
			);
			runOnlyForDeploymentPostprocessing = 0;
		};
		BA7B10EB2019C31400202675 /* Frameworks */ = {
			isa = PBXFrameworksBuildPhase;
			buildActionMask = 2147483647;
			files = (
			);
			runOnlyForDeploymentPostprocessing = 0;
		};
/* End PBXFrameworksBuildPhase section */

/* Begin PBXGroup section */
		BA7B10C62019C31400202675 = {
			isa = PBXGroup;
			children = (
				BA7B11002019C35C00202675 /* Resources */,
				BA7B10D12019C31400202675 /* NetworkTool */,
				BA7B10E62019C31400202675 /* NetworkToolTests */,
				BA7B10F12019C31400202675 /* NetworkToolUITests */,
				BA7B10D02019C31400202675 /* Products */,
			);
			sourceTree = "<group>";
		};
		BA7B10D02019C31400202675 /* Products */ = {
			isa = PBXGroup;
			children = (
				BA7B10CF2019C31400202675 /* NetworkTool.app */,
				BA7B10E32019C31400202675 /* NetworkToolTests.xctest */,
				BA7B10EE2019C31400202675 /* NetworkToolUITests.xctest */,
			);
			name = Products;
			sourceTree = "<group>";
		};
		BA7B10D12019C31400202675 /* NetworkTool */ = {
			isa = PBXGroup;
			children = (
				BA7B10D22019C31400202675 /* AppDelegate.swift */,
				BA7B10D42019C31400202675 /* ViewController.swift */,
				BA7B10D62019C31400202675 /* Main.storyboard */,
				BA7B10D92019C31400202675 /* Assets.xcassets */,
				BA7B10DB2019C31400202675 /* LaunchScreen.storyboard */,
				BA7B10DE2019C31400202675 /* Info.plist */,
			);
			path = NetworkTool;
			sourceTree = "<group>";
		};
		BA7B10E62019C31400202675 /* NetworkToolTests */ = {
			isa = PBXGroup;
			children = (
				BA7B10E72019C31400202675 /* NetworkToolTests.swift */,
				BA7B10E92019C31400202675 /* Info.plist */,
			);
			path = NetworkToolTests;
			sourceTree = "<group>";
		};
		BA7B10F12019C31400202675 /* NetworkToolUITests */ = {
			isa = PBXGroup;
			children = (
				BA7B10F22019C31400202675 /* NetworkToolUITests.swift */,
				BA7B10F42019C31400202675 /* Info.plist */,
			);
			path = NetworkToolUITests;
			sourceTree = "<group>";
		};
		BA7B11002019C35C00202675 /* Resources */ = {
			isa = PBXGroup;
			children = (
				BA7B11012019C38B00202675 /* NetworkTool.swift */,
			);
			path = Resources;
			sourceTree = "<group>";
		};
/* End PBXGroup section */

/* Begin PBXNativeTarget section */
		BA7B10CE2019C31400202675 /* NetworkTool */ = {
			isa = PBXNativeTarget;
			buildConfigurationList = BA7B10F72019C31400202675 /* Build configuration list for PBXNativeTarget "NetworkTool" */;
			buildPhases = (
				BA7B10CB2019C31400202675 /* Sources */,
				BA7B10CC2019C31400202675 /* Frameworks */,
				BA7B10CD2019C31400202675 /* Resources */,
			);
			buildRules = (
			);
			dependencies = (
			);
			name = NetworkTool;
			productName = NetworkTool;
			productReference = BA7B10CF2019C31400202675 /* NetworkTool.app */;
			productType = "com.apple.product-type.application";
		};
		BA7B10E22019C31400202675 /* NetworkToolTests */ = {
			isa = PBXNativeTarget;
			buildConfigurationList = BA7B10FA2019C31400202675 /* Build configuration list for PBXNativeTarget "NetworkToolTests" */;
			buildPhases = (
				BA7B10DF2019C31400202675 /* Sources */,
				BA7B10E02019C31400202675 /* Frameworks */,
				BA7B10E12019C31400202675 /* Resources */,
			);
			buildRules = (
			);
			dependencies = (
				BA7B10E52019C31400202675 /* PBXTargetDependency */,
			);
			name = NetworkToolTests;
			productName = NetworkToolTests;
			productReference = BA7B10E32019C31400202675 /* NetworkToolTests.xctest */;
			productType = "com.apple.product-type.bundle.unit-test";
		};
		BA7B10ED2019C31400202675 /* NetworkToolUITests */ = {
			isa = PBXNativeTarget;
			buildConfigurationList = BA7B10FD2019C31400202675 /* Build configuration list for PBXNativeTarget "NetworkToolUITests" */;
			buildPhases = (
				BA7B10EA2019C31400202675 /* Sources */,
				BA7B10EB2019C31400202675 /* Frameworks */,
				BA7B10EC2019C31400202675 /* Resources */,
			);
			buildRules = (
			);
			dependencies = (
				BA7B10F02019C31400202675 /* PBXTargetDependency */,
			);
			name = NetworkToolUITests;
			productName = NetworkToolUITests;
			productReference = BA7B10EE2019C31400202675 /* NetworkToolUITests.xctest */;
			productType = "com.apple.product-type.bundle.ui-testing";
		};
/* End PBXNativeTarget section */

/* Begin PBXProject section */
		BA7B10C72019C31400202675 /* Project object */ = {
			isa = PBXProject;
			attributes = {
				LastSwiftUpdateCheck = 0920;
				LastUpgradeCheck = 0920;
				ORGANIZATIONNAME = NetworkTool;
				TargetAttributes = {
					BA7B10CE2019C31400202675 = {
						CreatedOnToolsVersion = 9.2;
						ProvisioningStyle = Automatic;
					};
					BA7B10E22019C31400202675 = {
						CreatedOnToolsVersion = 9.2;
						ProvisioningStyle = Automatic;
						TestTargetID = BA7B10CE2019C31400202675;
					};
					BA7B10ED2019C31400202675 = {
						CreatedOnToolsVersion = 9.2;
						ProvisioningStyle = Automatic;
						TestTargetID = BA7B10CE2019C31400202675;
					};
				};
			};
			buildConfigurationList = BA7B10CA2019C31400202675 /* Build configuration list for PBXProject "NetworkTool" */;
			compatibilityVersion = "Xcode 8.0";
			developmentRegion = en;
			hasScannedForEncodings = 0;
			knownRegions = (
				en,
				Base,
			);
			mainGroup = BA7B10C62019C31400202675;
			productRefGroup = BA7B10D02019C31400202675 /* Products */;
			projectDirPath = "";
			projectRoot = "";
			targets = (
				BA7B10CE2019C31400202675 /* NetworkTool */,
				BA7B10E22019C31400202675 /* NetworkToolTests */,
				BA7B10ED2019C31400202675 /* NetworkToolUITests */,
			);
		};
/* End PBXProject section */

/* Begin PBXResourcesBuildPhase section */
		BA7B10CD2019C31400202675 /* Resources */ = {
			isa = PBXResourcesBuildPhase;
			buildActionMask = 2147483647;
			files = (
				BA7B10DD2019C31400202675 /* LaunchScreen.storyboard in Resources */,
				BA7B10DA2019C31400202675 /* Assets.xcassets in Resources */,
				BA7B10D82019C31400202675 /* Main.storyboard in Resources */,
			);
			runOnlyForDeploymentPostprocessing = 0;
		};
		BA7B10E12019C31400202675 /* Resources */ = {
			isa = PBXResourcesBuildPhase;
			buildActionMask = 2147483647;
			files = (
			);
			runOnlyForDeploymentPostprocessing = 0;
		};
		BA7B10EC2019C31400202675 /* Resources */ = {
			isa = PBXResourcesBuildPhase;
			buildActionMask = 2147483647;
			files = (
			);
			runOnlyForDeploymentPostprocessing = 0;
		};
/* End PBXResourcesBuildPhase section */

/* Begin PBXSourcesBuildPhase section */
		BA7B10CB2019C31400202675 /* Sources */ = {
			isa = PBXSourcesBuildPhase;
			buildActionMask = 2147483647;
			files = (
				BA7B10D52019C31400202675 /* ViewController.swift in Sources */,
				BA7B11022019C38B00202675 /* NetworkTool.swift in Sources */,
				BA7B10D32019C31400202675 /* AppDelegate.swift in Sources */,
			);
			runOnlyForDeploymentPostprocessing = 0;
		};
		BA7B10DF2019C31400202675 /* Sources */ = {
			isa = PBXSourcesBuildPhase;
			buildActionMask = 2147483647;
			files = (
				BA7B10E82019C31400202675 /* NetworkToolTests.swift in Sources */,
			);
			runOnlyForDeploymentPostprocessing = 0;
		};
		BA7B10EA2019C31400202675 /* Sources */ = {
			isa = PBXSourcesBuildPhase;
			buildActionMask = 2147483647;
			files = (
				BA7B10F32019C31400202675 /* NetworkToolUITests.swift in Sources */,
			);
			runOnlyForDeploymentPostprocessing = 0;
		};
/* End PBXSourcesBuildPhase section */

/* Begin PBXTargetDependency section */
		BA7B10E52019C31400202675 /* PBXTargetDependency */ = {
			isa = PBXTargetDependency;
			target = BA7B10CE2019C31400202675 /* NetworkTool */;
			targetProxy = BA7B10E42019C31400202675 /* PBXContainerItemProxy */;
		};
		BA7B10F02019C31400202675 /* PBXTargetDependency */ = {
			isa = PBXTargetDependency;
			target = BA7B10CE2019C31400202675 /* NetworkTool */;
			targetProxy = BA7B10EF2019C31400202675 /* PBXContainerItemProxy */;
		};
/* End PBXTargetDependency section */

/* Begin PBXVariantGroup section */
		BA7B10D62019C31400202675 /* Main.storyboard */ = {
			isa = PBXVariantGroup;
			children = (
				BA7B10D72019C31400202675 /* Base */,
			);
			name = Main.storyboard;
			sourceTree = "<group>";
		};
		BA7B10DB2019C31400202675 /* LaunchScreen.storyboard */ = {
			isa = PBXVariantGroup;
			children = (
				BA7B10DC2019C31400202675 /* Base */,
			);
			name = LaunchScreen.storyboard;
			sourceTree = "<group>";
		};
/* End PBXVariantGroup section */

/* Begin XCBuildConfiguration section */
		BA7B10F52019C31400202675 /* Debug */ = {
			isa = XCBuildConfiguration;
			buildSettings = {
				ALWAYS_SEARCH_USER_PATHS = NO;
				CLANG_ANALYZER_NONNULL = YES;
				CLANG_ANALYZER_NUMBER_OBJECT_CONVERSION = YES_AGGRESSIVE;
				CLANG_CXX_LANGUAGE_STANDARD = "gnu++14";
				CLANG_CXX_LIBRARY = "libc++";
				CLANG_ENABLE_MODULES = YES;
				CLANG_ENABLE_OBJC_ARC = YES;
				CLANG_WARN_BLOCK_CAPTURE_AUTORELEASING = YES;
				CLANG_WARN_BOOL_CONVERSION = YES;
				CLANG_WARN_COMMA = YES;
				CLANG_WARN_CONSTANT_CONVERSION = YES;
				CLANG_WARN_DIRECT_OBJC_ISA_USAGE = YES_ERROR;
				CLANG_WARN_DOCUMENTATION_COMMENTS = YES;
				CLANG_WARN_EMPTY_BODY = YES;
				CLANG_WARN_ENUM_CONVERSION = YES;
				CLANG_WARN_INFINITE_RECURSION = YES;
				CLANG_WARN_INT_CONVERSION = YES;
				CLANG_WARN_NON_LITERAL_NULL_CONVERSION = YES;
				CLANG_WARN_OBJC_LITERAL_CONVERSION = YES;
				CLANG_WARN_OBJC_ROOT_CLASS = YES_ERROR;
				CLANG_WARN_RANGE_LOOP_ANALYSIS = YES;
				CLANG_WARN_STRICT_PROTOTYPES = YES;
				CLANG_WARN_SUSPICIOUS_MOVE = YES;
				CLANG_WARN_UNGUARDED_AVAILABILITY = YES_AGGRESSIVE;
				CLANG_WARN_UNREACHABLE_CODE = YES;
				CLANG_WARN__DUPLICATE_METHOD_MATCH = YES;
				CODE_SIGN_IDENTITY = "iPhone Developer";
				COPY_PHASE_STRIP = NO;
				DEBUG_INFORMATION_FORMAT = dwarf;
				ENABLE_STRICT_OBJC_MSGSEND = YES;
				ENABLE_TESTABILITY = YES;
				GCC_C_LANGUAGE_STANDARD = gnu11;
				GCC_DYNAMIC_NO_PIC = NO;
				GCC_NO_COMMON_BLOCKS = YES;
				GCC_OPTIMIZATION_LEVEL = 0;
				GCC_PREPROCESSOR_DEFINITIONS = (
					"DEBUG=1",
					"$(inherited)",
				);
				GCC_WARN_64_TO_32_BIT_CONVERSION = YES;
				GCC_WARN_ABOUT_RETURN_TYPE = YES_ERROR;
				GCC_WARN_UNDECLARED_SELECTOR = YES;
				GCC_WARN_UNINITIALIZED_AUTOS = YES_AGGRESSIVE;
				GCC_WARN_UNUSED_FUNCTION = YES;
				GCC_WARN_UNUSED_VARIABLE = YES;
				IPHONEOS_DEPLOYMENT_TARGET = 11.2;
				MTL_ENABLE_DEBUG_INFO = YES;
				ONLY_ACTIVE_ARCH = YES;
				SDKROOT = iphoneos;
				SWIFT_ACTIVE_COMPILATION_CONDITIONS = DEBUG;
				SWIFT_OPTIMIZATION_LEVEL = "-Onone";
			};
			name = Debug;
		};
		BA7B10F62019C31400202675 /* Release */ = {
			isa = XCBuildConfiguration;
			buildSettings = {
				ALWAYS_SEARCH_USER_PATHS = NO;
				CLANG_ANALYZER_NONNULL = YES;
				CLANG_ANALYZER_NUMBER_OBJECT_CONVERSION = YES_AGGRESSIVE;
				CLANG_CXX_LANGUAGE_STANDARD = "gnu++14";
				CLANG_CXX_LIBRARY = "libc++";
				CLANG_ENABLE_MODULES = YES;
				CLANG_ENABLE_OBJC_ARC = YES;
				CLANG_WARN_BLOCK_CAPTURE_AUTORELEASING = YES;
				CLANG_WARN_BOOL_CONVERSION = YES;
				CLANG_WARN_COMMA = YES;
				CLANG_WARN_CONSTANT_CONVERSION = YES;
				CLANG_WARN_DIRECT_OBJC_ISA_USAGE = YES_ERROR;
				CLANG_WARN_DOCUMENTATION_COMMENTS = YES;
				CLANG_WARN_EMPTY_BODY = YES;
				CLANG_WARN_ENUM_CONVERSION = YES;
				CLANG_WARN_INFINITE_RECURSION = YES;
				CLANG_WARN_INT_CONVERSION = YES;
				CLANG_WARN_NON_LITERAL_NULL_CONVERSION = YES;
				CLANG_WARN_OBJC_LITERAL_CONVERSION = YES;
				CLANG_WARN_OBJC_ROOT_CLASS = YES_ERROR;
				CLANG_WARN_RANGE_LOOP_ANALYSIS = YES;
				CLANG_WARN_STRICT_PROTOTYPES = YES;
				CLANG_WARN_SUSPICIOUS_MOVE = YES;
				CLANG_WARN_UNGUARDED_AVAILABILITY = YES_AGGRESSIVE;
				CLANG_WARN_UNREACHABLE_CODE = YES;
				CLANG_WARN__DUPLICATE_METHOD_MATCH = YES;
				CODE_SIGN_IDENTITY = "iPhone Developer";
				COPY_PHASE_STRIP = NO;
				DEBUG_INFORMATION_FORMAT = "dwarf-with-dsym";
				ENABLE_NS_ASSERTIONS = NO;
				ENABLE_STRICT_OBJC_MSGSEND = YES;
				GCC_C_LANGUAGE_STANDARD = gnu11;
				GCC_NO_COMMON_BLOCKS = YES;
				GCC_WARN_64_TO_32_BIT_CONVERSION = YES;
				GCC_WARN_ABOUT_RETURN_TYPE = YES_ERROR;
				GCC_WARN_UNDECLARED_SELECTOR = YES;
				GCC_WARN_UNINITIALIZED_AUTOS = YES_AGGRESSIVE;
				GCC_WARN_UNUSED_FUNCTION = YES;
				GCC_WARN_UNUSED_VARIABLE = YES;
				IPHONEOS_DEPLOYMENT_TARGET = 11.2;
				MTL_ENABLE_DEBUG_INFO = NO;
				SDKROOT = iphoneos;
				SWIFT_OPTIMIZATION_LEVEL = "-Owholemodule";
				VALIDATE_PRODUCT = YES;
			};
			name = Release;
		};
		BA7B10F82019C31400202675 /* Debug */ = {
			isa = XCBuildConfiguration;
			buildSettings = {
				ASSETCATALOG_COMPILER_APPICON_NAME = AppIcon;
				CODE_SIGN_STYLE = Automatic;
				DEVELOPMENT_TEAM = 52SDKDKNS7;
				INFOPLIST_FILE = NetworkTool/Info.plist;
				LD_RUNPATH_SEARCH_PATHS = "$(inherited) @executable_path/Frameworks";
				PRODUCT_BUNDLE_IDENTIFIER = crystal.NetworkTool;
				PRODUCT_NAME = "$(TARGET_NAME)";
				SWIFT_VERSION = 4.0;
				TARGETED_DEVICE_FAMILY = "1,2";
			};
			name = Debug;
		};
		BA7B10F92019C31400202675 /* Release */ = {
			isa = XCBuildConfiguration;
			buildSettings = {
				ASSETCATALOG_COMPILER_APPICON_NAME = AppIcon;
				CODE_SIGN_STYLE = Automatic;
				DEVELOPMENT_TEAM = 52SDKDKNS7;
				INFOPLIST_FILE = NetworkTool/Info.plist;
				LD_RUNPATH_SEARCH_PATHS = "$(inherited) @executable_path/Frameworks";
				PRODUCT_BUNDLE_IDENTIFIER = crystal.NetworkTool;
				PRODUCT_NAME = "$(TARGET_NAME)";
				SWIFT_VERSION = 4.0;
				TARGETED_DEVICE_FAMILY = "1,2";
			};
			name = Release;
		};
		BA7B10FB2019C31400202675 /* Debug */ = {
			isa = XCBuildConfiguration;
			buildSettings = {
				ALWAYS_EMBED_SWIFT_STANDARD_LIBRARIES = YES;
				BUNDLE_LOADER = "$(TEST_HOST)";
				CODE_SIGN_STYLE = Automatic;
				DEVELOPMENT_TEAM = 52SDKDKNS7;
				INFOPLIST_FILE = NetworkToolTests/Info.plist;
				LD_RUNPATH_SEARCH_PATHS = "$(inherited) @executable_path/Frameworks @loader_path/Frameworks";
				PRODUCT_BUNDLE_IDENTIFIER = crystal.NetworkToolTests;
				PRODUCT_NAME = "$(TARGET_NAME)";
				SWIFT_VERSION = 4.0;
				TARGETED_DEVICE_FAMILY = "1,2";
				TEST_HOST = "$(BUILT_PRODUCTS_DIR)/NetworkTool.app/NetworkTool";
			};
			name = Debug;
		};
		BA7B10FC2019C31400202675 /* Release */ = {
			isa = XCBuildConfiguration;
			buildSettings = {
				ALWAYS_EMBED_SWIFT_STANDARD_LIBRARIES = YES;
				BUNDLE_LOADER = "$(TEST_HOST)";
				CODE_SIGN_STYLE = Automatic;
				DEVELOPMENT_TEAM = 52SDKDKNS7;
				INFOPLIST_FILE = NetworkToolTests/Info.plist;
				LD_RUNPATH_SEARCH_PATHS = "$(inherited) @executable_path/Frameworks @loader_path/Frameworks";
				PRODUCT_BUNDLE_IDENTIFIER = crystal.NetworkToolTests;
				PRODUCT_NAME = "$(TARGET_NAME)";
				SWIFT_VERSION = 4.0;
				TARGETED_DEVICE_FAMILY = "1,2";
				TEST_HOST = "$(BUILT_PRODUCTS_DIR)/NetworkTool.app/NetworkTool";
			};
			name = Release;
		};
		BA7B10FE2019C31400202675 /* Debug */ = {
			isa = XCBuildConfiguration;
			buildSettings = {
				ALWAYS_EMBED_SWIFT_STANDARD_LIBRARIES = YES;
				CODE_SIGN_STYLE = Automatic;
				DEVELOPMENT_TEAM = 52SDKDKNS7;
				INFOPLIST_FILE = NetworkToolUITests/Info.plist;
				LD_RUNPATH_SEARCH_PATHS = "$(inherited) @executable_path/Frameworks @loader_path/Frameworks";
				PRODUCT_BUNDLE_IDENTIFIER = crystal.NetworkToolUITests;
				PRODUCT_NAME = "$(TARGET_NAME)";
				SWIFT_VERSION = 4.0;
				TARGETED_DEVICE_FAMILY = "1,2";
				TEST_TARGET_NAME = NetworkTool;
			};
			name = Debug;
		};
		BA7B10FF2019C31400202675 /* Release */ = {
			isa = XCBuildConfiguration;
			buildSettings = {
				ALWAYS_EMBED_SWIFT_STANDARD_LIBRARIES = YES;
				CODE_SIGN_STYLE = Automatic;
				DEVELOPMENT_TEAM = 52SDKDKNS7;
				INFOPLIST_FILE = NetworkToolUITests/Info.plist;
				LD_RUNPATH_SEARCH_PATHS = "$(inherited) @executable_path/Frameworks @loader_path/Frameworks";
				PRODUCT_BUNDLE_IDENTIFIER = crystal.NetworkToolUITests;
				PRODUCT_NAME = "$(TARGET_NAME)";
				SWIFT_VERSION = 4.0;
				TARGETED_DEVICE_FAMILY = "1,2";
				TEST_TARGET_NAME = NetworkTool;
			};
			name = Release;
		};
/* End XCBuildConfiguration section */

/* Begin XCConfigurationList section */
		BA7B10CA2019C31400202675 /* Build configuration list for PBXProject "NetworkTool" */ = {
			isa = XCConfigurationList;
			buildConfigurations = (
				BA7B10F52019C31400202675 /* Debug */,
				BA7B10F62019C31400202675 /* Release */,
			);
			defaultConfigurationIsVisible = 0;
			defaultConfigurationName = Release;
		};
		BA7B10F72019C31400202675 /* Build configuration list for PBXNativeTarget "NetworkTool" */ = {
			isa = XCConfigurationList;
			buildConfigurations = (
				BA7B10F82019C31400202675 /* Debug */,
				BA7B10F92019C31400202675 /* Release */,
			);
			defaultConfigurationIsVisible = 0;
			defaultConfigurationName = Release;
		};
		BA7B10FA2019C31400202675 /* Build configuration list for PBXNativeTarget "NetworkToolTests" */ = {
			isa = XCConfigurationList;
			buildConfigurations = (
				BA7B10FB2019C31400202675 /* Debug */,
				BA7B10FC2019C31400202675 /* Release */,
			);
			defaultConfigurationIsVisible = 0;
			defaultConfigurationName = Release;
		};
		BA7B10FD2019C31400202675 /* Build configuration list for PBXNativeTarget "NetworkToolUITests" */ = {
			isa = XCConfigurationList;
			buildConfigurations = (
				BA7B10FE2019C31400202675 /* Debug */,
				BA7B10FF2019C31400202675 /* Release */,
			);
			defaultConfigurationIsVisible = 0;
			defaultConfigurationName = Release;
		};
/* End XCConfigurationList section */
	};
	rootObject = BA7B10C72019C31400202675 /* Project object */;
}
